
Microsoft Visual Studio Solution File, Format Version 12.00
# Visual Studio 15
VisualStudioVersion = 15.0.26228.18
MinimumVisualStudioVersion = 10.0.40219.1
Project("{2150E333-8FDC-42A3-9474-1A3956D46DE8}") = "LL", "LL", "{26C37075-9475-40FD-8096-C26B8BE97AC3}"
EndProject
Project("{2150E333-8FDC-42A3-9474-1A3956D46DE8}") = "UI", "UI", "{C30A447C-E366-4978-9B6F-AA07CB427605}"
EndProject
Project("{2150E333-8FDC-42A3-9474-1A3956D46DE8}") = "BLL", "BLL", "{E373F5DE-DCD1-4D40-81F5-01F627F8FD8D}"
EndProject
Project("{2150E333-8FDC-42A3-9474-1A3956D46DE8}") = "DLL", "DLL", "{8E209772-D889-4FC5-A098-DA267CCC6FA9}"
EndProject
Project("{2150E333-8FDC-42A3-9474-1A3956D46DE8}") = "UIL", "UIL", "{C94D041C-978A-4998-8533-BF247DF29FD8}"
EndProject
Project("{FAE04EC0-301F-11D3-BF4B-00C04F79EFBC}") = "GlitterDll", "GlitterDll\GlitterDll.csproj", "{7406F4F9-03ED-4703-9E3B-5C69E4C0CF34}"
EndProject
Project("{2150E333-8FDC-42A3-9474-1A3956D46DE8}") = "Shared", "Shared", "{69E3C1A2-5761-4738-B71F-2E675E52F074}"
EndProject
Project("{FAE04EC0-301F-11D3-BF4B-00C04F79EFBC}") = "DTOs", "DTOs\DTOs.csproj", "{C9D60393-E23E-4BFC-83F7-0A922DD3CB8F}"
EndProject
Project("{FAE04EC0-301F-11D3-BF4B-00C04F79EFBC}") = "GlitterBll", "GlitterBll\GlitterBll.csproj", "{771B197A-2A7F-4A9E-967E-B1A83A9AE16A}"
EndProject
Project("{FAE04EC0-301F-11D3-BF4B-00C04F79EFBC}") = "GlitterApi", "GlitterApi\GlitterApi.csproj", "{A8A0475A-2E10-40B4-B5F6-34B4F73496DB}"
EndProject
Global
	GlobalSection(SolutionConfigurationPlatforms) = preSolution
		Debug|Any CPU = Debug|Any CPU
		Release|Any CPU = Release|Any CPU
	EndGlobalSection
	GlobalSection(ProjectConfigurationPlatforms) = postSolution
		{7406F4F9-03ED-4703-9E3B-5C69E4C0CF34}.Debug|Any CPU.ActiveCfg = Debug|Any CPU
		{7406F4F9-03ED-4703-9E3B-5C69E4C0CF34}.Debug|Any CPU.Build.0 = Debug|Any CPU
		{7406F4F9-03ED-4703-9E3B-5C69E4C0CF34}.Release|Any CPU.ActiveCfg = Release|Any CPU
		{7406F4F9-03ED-4703-9E3B-5C69E4C0CF34}.Release|Any CPU.Build.0 = Release|Any CPU
		{C9D60393-E23E-4BFC-83F7-0A922DD3CB8F}.Debug|Any CPU.ActiveCfg = Debug|Any CPU
		{C9D60393-E23E-4BFC-83F7-0A922DD3CB8F}.Debug|Any CPU.Build.0 = Debug|Any CPU
		{C9D60393-E23E-4BFC-83F7-0A922DD3CB8F}.Release|Any CPU.ActiveCfg = Release|Any CPU
		{C9D60393-E23E-4BFC-83F7-0A922DD3CB8F}.Release|Any CPU.Build.0 = Release|Any CPU
		{771B197A-2A7F-4A9E-967E-B1A83A9AE16A}.Debug|Any CPU.ActiveCfg = Debug|Any CPU
		{771B197A-2A7F-4A9E-967E-B1A83A9AE16A}.Debug|Any CPU.Build.0 = Debug|Any CPU
		{771B197A-2A7F-4A9E-967E-B1A83A9AE16A}.Release|Any CPU.ActiveCfg = Release|Any CPU
		{771B197A-2A7F-4A9E-967E-B1A83A9AE16A}.Release|Any CPU.Build.0 = Release|Any CPU
		{A8A0475A-2E10-40B4-B5F6-34B4F73496DB}.Debug|Any CPU.ActiveCfg = Debug|Any CPU
		{A8A0475A-2E10-40B4-B5F6-34B4F73496DB}.Debug|Any CPU.Build.0 = Debug|Any CPU
		{A8A0475A-2E10-40B4-B5F6-34B4F73496DB}.Release|Any CPU.ActiveCfg = Release|Any CPU
		{A8A0475A-2E10-40B4-B5F6-34B4F73496DB}.Release|Any CPU.Build.0 = Release|Any CPU
	EndGlobalSection
	GlobalSection(SolutionProperties) = preSolution
		HideSolutionNode = FALSE
	EndGlobalSection
	GlobalSection(NestedProjects) = preSolution
		{E373F5DE-DCD1-4D40-81F5-01F627F8FD8D} = {26C37075-9475-40FD-8096-C26B8BE97AC3}
		{8E209772-D889-4FC5-A098-DA267CCC6FA9} = {26C37075-9475-40FD-8096-C26B8BE97AC3}
		{C94D041C-978A-4998-8533-BF247DF29FD8} = {26C37075-9475-40FD-8096-C26B8BE97AC3}
		{7406F4F9-03ED-4703-9E3B-5C69E4C0CF34} = {8E209772-D889-4FC5-A098-DA267CCC6FA9}
		{69E3C1A2-5761-4738-B71F-2E675E52F074} = {26C37075-9475-40FD-8096-C26B8BE97AC3}
		{C9D60393-E23E-4BFC-83F7-0A922DD3CB8F} = {69E3C1A2-5761-4738-B71F-2E675E52F074}
		{771B197A-2A7F-4A9E-967E-B1A83A9AE16A} = {E373F5DE-DCD1-4D40-81F5-01F627F8FD8D}
		{A8A0475A-2E10-40B4-B5F6-34B4F73496DB} = {C94D041C-978A-4998-8533-BF247DF29FD8}
	EndGlobalSection
EndGlobal
